
Microsoft Visual Studio Solution File, Format Version 12.00
# Visual Studio Version 17
VisualStudioVersion = 17.0.31903.59
MinimumVisualStudioVersion = 10.0.40219.1
Project("{FAE04EC0-301F-11D3-BF4B-00C04F79EFBC}") = "DotnetWebapiStencil", "Template\DotnetWebapiStencil.csproj", "{22A7A2E6-CFD9-4B18-82E4-C6746F84495A}"
EndProject
Project("{FAE04EC0-301F-11D3-BF4B-00C04F79EFBC}") = "StencilMiddleware", "Middleware\StencilMiddleware.csproj", "{3CAC5943-3CF1-4568-A454-C4A48E4A02A0}"
EndProject
Global
	GlobalSection(SolutionConfigurationPlatforms) = preSolution
		Debug|Any CPU = Debug|Any CPU
		Release|Any CPU = Release|Any CPU
	EndGlobalSection
	GlobalSection(SolutionProperties) = preSolution
		HideSolutionNode = FALSE
	EndGlobalSection
	GlobalSection(ProjectConfigurationPlatforms) = postSolution
		{22A7A2E6-CFD9-4B18-82E4-C6746F84495A}.Debug|Any CPU.ActiveCfg = Debug|Any CPU
		{22A7A2E6-CFD9-4B18-82E4-C6746F84495A}.Debug|Any CPU.Build.0 = Debug|Any CPU
		{22A7A2E6-CFD9-4B18-82E4-C6746F84495A}.Release|Any CPU.ActiveCfg = Release|Any CPU
		{22A7A2E6-CFD9-4B18-82E4-C6746F84495A}.Release|Any CPU.Build.0 = Release|Any CPU
		{3CAC5943-3CF1-4568-A454-C4A48E4A02A0}.Debug|Any CPU.ActiveCfg = Debug|Any CPU
		{3CAC5943-3CF1-4568-A454-C4A48E4A02A0}.Debug|Any CPU.Build.0 = Debug|Any CPU
		{3CAC5943-3CF1-4568-A454-C4A48E4A02A0}.Release|Any CPU.ActiveCfg = Release|Any CPU
		{3CAC5943-3CF1-4568-A454-C4A48E4A02A0}.Release|Any CPU.Build.0 = Release|Any CPU
	EndGlobalSection
EndGlobal
