{
  "name": "wwwroot",
  "version": "0.0.1",
  "lockfileVersion": 3,
  "requires": true,
  "packages": {
    "": {
      "name": "wwwroot",
      "version": "0.0.1",
      "license": "MIT",
      "devDependencies": {
        "@stencil/core": "^4.7.0",
        "@stencil/sass": "^3.0.12",
        "@types/node": "^16.18.11"
      }
    },
    "node_modules/@stencil/core": {
      "version": "4.23.1",
      "resolved": "https://registry.npmjs.org/@stencil/core/-/core-4.23.1.tgz",
      "integrity": "sha512-VtGgKTZdqaank5zs/gE5LBTcIYg4pE81pI4rfknMl5NFQbGcp83KISgBeJP/eRgcQCPu+ji/XhOq1joaTepAhQ==",
      "dev": true,
      "license": "MIT",
      "bin": {
        "stencil": "bin/stencil"
      },
      "engines": {
        "node": ">=16.0.0",
        "npm": ">=7.10.0"
      }
    },
    "node_modules/@stencil/sass": {
      "version": "3.0.12",
      "resolved": "https://registry.npmjs.org/@stencil/sass/-/sass-3.0.12.tgz",
      "integrity": "sha512-aXMgpG13ftxLYo2dDauapvE9gKzSxTAqCMOfTqbPhKUCZ43JsknkLx+PArRaFtfYeVGSQ8eTS4ck7/Nlec+PNA==",
      "dev": true,
      "license": "MIT",
      "engines": {
        "node": ">=12.0.0",
        "npm": ">=6.0.0"
      },
      "peerDependencies": {
        "@stencil/core": ">=2.0.0 || >=3.0.0-beta.0 || >= 4.0.0-beta.0 || >= 4.0.0"
      }
    },
    "node_modules/@types/node": {
      "version": "16.18.123",
      "resolved": "https://registry.npmjs.org/@types/node/-/node-16.18.123.tgz",
      "integrity": "sha512-/n7I6V/4agSpJtFDKKFEa763Hc1z3hmvchobHS1TisCOTKD5nxq8NJ2iK7SRIMYL276Q9mgWOx2AWp5n2XI6eA==",
      "dev": true,
      "license": "MIT"
    }
  }
}
